
Microsoft Visual Studio Solution File, Format Version 12.00
# Visual Studio Version 16
VisualStudioVersion = 16.0.29728.190
MinimumVisualStudioVersion = 10.0.40219.1
Project("{FAE04EC0-301F-11D3-BF4B-00C04F79EFBC}") = "Chapter6", "Chapter6\Chapter6.csproj", "{BE89D434-AA14-42D1-A92B-3FC756BDC881}"
EndProject
Global
	GlobalSection(SolutionConfigurationPlatforms) = preSolution
		Debug|Any CPU = Debug|Any CPU
		Release|Any CPU = Release|Any CPU
	EndGlobalSection
	GlobalSection(ProjectConfigurationPlatforms) = postSolution
		{BE89D434-AA14-42D1-A92B-3FC756BDC881}.Debug|Any CPU.ActiveCfg = Debug|Any CPU
		{BE89D434-AA14-42D1-A92B-3FC756BDC881}.Debug|Any CPU.Build.0 = Debug|Any CPU
		{BE89D434-AA14-42D1-A92B-3FC756BDC881}.Release|Any CPU.ActiveCfg = Release|Any CPU
		{BE89D434-AA14-42D1-A92B-3FC756BDC881}.Release|Any CPU.Build.0 = Release|Any CPU
	EndGlobalSection
	GlobalSection(SolutionProperties) = preSolution
		HideSolutionNode = FALSE
	EndGlobalSection
	GlobalSection(ExtensibilityGlobals) = postSolution
		SolutionGuid = {107234A0-5AA1-4A96-8CEE-13D5BB447943}
	EndGlobalSection
EndGlobal
